
Microsoft Visual Studio Solution File, Format Version 12.00
# Visual Studio Version 17
VisualStudioVersion = 17.10.35027.167
MinimumVisualStudioVersion = 10.0.40219.1
Project("{9A19103F-16F7-4668-BE54-9A1E7A4F7556}") = "Solferino.Server", "Solferino.Server\Solferino.Server.csproj", "{E8C4EF62-C886-46F0-A2CC-CFAA5F81050E}"
EndProject
Project("{54A90642-561A-4BB1-A94E-469ADEE60C69}") = "Solferino.Client", "Solferino.Client\Solferino.Client.esproj", "{C0CF45D2-E7A8-4A5D-94B8-4BEBD667D43E}"
EndProject
Project("{9A19103F-16F7-4668-BE54-9A1E7A4F7556}") = "Solferino.DAL", "Solferino.DAL\Solferino.DAL.csproj", "{4F5D2D7A-3E7C-4B53-9D23-DC0CEA63FC26}"
EndProject
Project("{9A19103F-16F7-4668-BE54-9A1E7A4F7556}") = "Solferino.BL", "Solferino.BL\Solferino.BL.csproj", "{14399D4E-8180-423E-988E-459B2CED5EFB}"
EndProject
Project("{2150E333-8FDC-42A3-9474-1A3956D46DE8}") = "Data", "Data", "{69394DC8-644E-494F-9E80-AAC40489BB93}"
EndProject
Project("{FAE04EC0-301F-11D3-BF4B-00C04F79EFBC}") = "PassengerData.Entities", "PassengerRecord\PassengerData.Entities.csproj", "{09BC2ED8-CECF-4D19-AB86-C6565BC964F1}"
EndProject
Project("{FAE04EC0-301F-11D3-BF4B-00C04F79EFBC}") = "PassengerData.Dto", "PassengerRecord.Dto\PassengerData.Dto.csproj", "{B2CB39B3-DEBA-4E9B-8F53-B75816892EFD}"
EndProject
Global
	GlobalSection(SolutionConfigurationPlatforms) = preSolution
		Debug|Any CPU = Debug|Any CPU
		Release|Any CPU = Release|Any CPU
	EndGlobalSection
	GlobalSection(ProjectConfigurationPlatforms) = postSolution
		{E8C4EF62-C886-46F0-A2CC-CFAA5F81050E}.Debug|Any CPU.ActiveCfg = Debug|Any CPU
		{E8C4EF62-C886-46F0-A2CC-CFAA5F81050E}.Debug|Any CPU.Build.0 = Debug|Any CPU
		{E8C4EF62-C886-46F0-A2CC-CFAA5F81050E}.Release|Any CPU.ActiveCfg = Release|Any CPU
		{E8C4EF62-C886-46F0-A2CC-CFAA5F81050E}.Release|Any CPU.Build.0 = Release|Any CPU
		{C0CF45D2-E7A8-4A5D-94B8-4BEBD667D43E}.Debug|Any CPU.ActiveCfg = Debug|Any CPU
		{C0CF45D2-E7A8-4A5D-94B8-4BEBD667D43E}.Debug|Any CPU.Build.0 = Debug|Any CPU
		{C0CF45D2-E7A8-4A5D-94B8-4BEBD667D43E}.Debug|Any CPU.Deploy.0 = Debug|Any CPU
		{C0CF45D2-E7A8-4A5D-94B8-4BEBD667D43E}.Release|Any CPU.ActiveCfg = Release|Any CPU
		{C0CF45D2-E7A8-4A5D-94B8-4BEBD667D43E}.Release|Any CPU.Build.0 = Release|Any CPU
		{C0CF45D2-E7A8-4A5D-94B8-4BEBD667D43E}.Release|Any CPU.Deploy.0 = Release|Any CPU
		{4F5D2D7A-3E7C-4B53-9D23-DC0CEA63FC26}.Debug|Any CPU.ActiveCfg = Debug|Any CPU
		{4F5D2D7A-3E7C-4B53-9D23-DC0CEA63FC26}.Debug|Any CPU.Build.0 = Debug|Any CPU
		{4F5D2D7A-3E7C-4B53-9D23-DC0CEA63FC26}.Release|Any CPU.ActiveCfg = Release|Any CPU
		{4F5D2D7A-3E7C-4B53-9D23-DC0CEA63FC26}.Release|Any CPU.Build.0 = Release|Any CPU
		{14399D4E-8180-423E-988E-459B2CED5EFB}.Debug|Any CPU.ActiveCfg = Debug|Any CPU
		{14399D4E-8180-423E-988E-459B2CED5EFB}.Debug|Any CPU.Build.0 = Debug|Any CPU
		{14399D4E-8180-423E-988E-459B2CED5EFB}.Release|Any CPU.ActiveCfg = Release|Any CPU
		{14399D4E-8180-423E-988E-459B2CED5EFB}.Release|Any CPU.Build.0 = Release|Any CPU
		{09BC2ED8-CECF-4D19-AB86-C6565BC964F1}.Debug|Any CPU.ActiveCfg = Debug|Any CPU
		{09BC2ED8-CECF-4D19-AB86-C6565BC964F1}.Debug|Any CPU.Build.0 = Debug|Any CPU
		{09BC2ED8-CECF-4D19-AB86-C6565BC964F1}.Release|Any CPU.ActiveCfg = Release|Any CPU
		{09BC2ED8-CECF-4D19-AB86-C6565BC964F1}.Release|Any CPU.Build.0 = Release|Any CPU
		{B2CB39B3-DEBA-4E9B-8F53-B75816892EFD}.Debug|Any CPU.ActiveCfg = Debug|Any CPU
		{B2CB39B3-DEBA-4E9B-8F53-B75816892EFD}.Debug|Any CPU.Build.0 = Debug|Any CPU
		{B2CB39B3-DEBA-4E9B-8F53-B75816892EFD}.Release|Any CPU.ActiveCfg = Release|Any CPU
		{B2CB39B3-DEBA-4E9B-8F53-B75816892EFD}.Release|Any CPU.Build.0 = Release|Any CPU
	EndGlobalSection
	GlobalSection(SolutionProperties) = preSolution
		HideSolutionNode = FALSE
	EndGlobalSection
	GlobalSection(NestedProjects) = preSolution
		{09BC2ED8-CECF-4D19-AB86-C6565BC964F1} = {69394DC8-644E-494F-9E80-AAC40489BB93}
		{B2CB39B3-DEBA-4E9B-8F53-B75816892EFD} = {69394DC8-644E-494F-9E80-AAC40489BB93}
	EndGlobalSection
	GlobalSection(ExtensibilityGlobals) = postSolution
		SolutionGuid = {B85CC5E6-AF8F-47C9-A3BD-A0FC3F92A8EE}
	EndGlobalSection
EndGlobal
